// !$*UTF8*$!
{
	archiveVersion = 1;
	classes = {
	};
	objectVersion = 50;
	objects = {

/* Begin PBXBuildFile section */
		984D6617262DA9B100154CA5 /*  .c in Sources */ = {isa = PBXBuildFile; fileRef = 984D6616262DA9B100154CA5 /*  .c */; };
		984D6622262DC06D00154CA5 /* BinaryTree3.c in Sources */ = {isa = PBXBuildFile; fileRef = 984D661E262DC06D00154CA5 /* BinaryTree3.c */; };
		98E037ED26305A6300B2147E /* AVLRebalance.c in Sources */ = {isa = PBXBuildFile; fileRef = 98E037EC26305A6300B2147E /* AVLRebalance.c */; };
		98E037F2263067D500B2147E /* BinarySearchTree3.c in Sources */ = {isa = PBXBuildFile; fileRef = 98E037F1263067D500B2147E /* BinarySearchTree3.c */; };
/* End PBXBuildFile section */

/* Begin PBXCopyFilesBuildPhase section */
		984D6611262DA9B100154CA5 /* CopyFiles */ = {
			isa = PBXCopyFilesBuildPhase;
			buildActionMask = 2147483647;
			dstPath = /usr/share/man/man1/;
			dstSubfolderSpec = 0;
			files = (
			);
			runOnlyForDeploymentPostprocessing = 1;
		};
/* End PBXCopyFilesBuildPhase section */

/* Begin PBXFileReference section */
		984D6613262DA9B100154CA5 /* AVLTree */ = {isa = PBXFileReference; explicitFileType = "compiled.mach-o.executable"; includeInIndex = 0; path = AVLTree; sourceTree = BUILT_PRODUCTS_DIR; };
		984D6616262DA9B100154CA5 /*  .c */ = {isa = PBXFileReference; lastKnownFileType = sourcecode.c.c; path = " .c"; sourceTree = "<group>"; };
		984D661E262DC06D00154CA5 /* BinaryTree3.c */ = {isa = PBXFileReference; fileEncoding = 4; lastKnownFileType = sourcecode.c.c; name = BinaryTree3.c; path = ../../../../../Downloads/Data_Structure_Src/Ch11/BinarySearchTreeDelAdded/BinaryTree3.c; sourceTree = "<group>"; };
		984D6621262DC06D00154CA5 /* BinaryTree3.h */ = {isa = PBXFileReference; fileEncoding = 4; lastKnownFileType = sourcecode.c.h; name = BinaryTree3.h; path = ../../../../../Downloads/Data_Structure_Src/Ch11/BinarySearchTreeDelAdded/BinaryTree3.h; sourceTree = "<group>"; };
		98E037EB26305A6300B2147E /* AVLRebalance.h */ = {isa = PBXFileReference; lastKnownFileType = sourcecode.c.h; path = AVLRebalance.h; sourceTree = "<group>"; };
		98E037EC26305A6300B2147E /* AVLRebalance.c */ = {isa = PBXFileReference; lastKnownFileType = sourcecode.c.c; path = AVLRebalance.c; sourceTree = "<group>"; };
		98E037F0263067D500B2147E /* BinarySearchTree3.h */ = {isa = PBXFileReference; lastKnownFileType = sourcecode.c.h; path = BinarySearchTree3.h; sourceTree = "<group>"; };
		98E037F1263067D500B2147E /* BinarySearchTree3.c */ = {isa = PBXFileReference; lastKnownFileType = sourcecode.c.c; path = BinarySearchTree3.c; sourceTree = "<group>"; };
/* End PBXFileReference section */

/* Begin PBXFrameworksBuildPhase section */
		984D6610262DA9B100154CA5 /* Frameworks */ = {
			isa = PBXFrameworksBuildPhase;
			buildActionMask = 2147483647;
			files = (
			);
			runOnlyForDeploymentPostprocessing = 0;
		};
/* End PBXFrameworksBuildPhase section */

/* Begin PBXGroup section */
		984D660A262DA9B100154CA5 = {
			isa = PBXGroup;
			children = (
				984D6615262DA9B100154CA5 /* AVLTree */,
				984D6614262DA9B100154CA5 /* Products */,
			);
			sourceTree = "<group>";
		};
		984D6614262DA9B100154CA5 /* Products */ = {
			isa = PBXGroup;
			children = (
				984D6613262DA9B100154CA5 /* AVLTree */,
			);
			name = Products;
			sourceTree = "<group>";
		};
		984D6615262DA9B100154CA5 /* AVLTree */ = {
			isa = PBXGroup;
			children = (
				98E037EB26305A6300B2147E /* AVLRebalance.h */,
				98E037EC26305A6300B2147E /* AVLRebalance.c */,
				984D6616262DA9B100154CA5 /*  .c */,
				98E037F0263067D500B2147E /* BinarySearchTree3.h */,
				98E037F1263067D500B2147E /* BinarySearchTree3.c */,
				984D661E262DC06D00154CA5 /* BinaryTree3.c */,
				984D6621262DC06D00154CA5 /* BinaryTree3.h */,
			);
			path = AVLTree;
			sourceTree = "<group>";
		};
/* End PBXGroup section */

/* Begin PBXNativeTarget section */
		984D6612262DA9B100154CA5 /* AVLTree */ = {
			isa = PBXNativeTarget;
			buildConfigurationList = 984D661A262DA9B100154CA5 /* Build configuration list for PBXNativeTarget "AVLTree" */;
			buildPhases = (
				984D660F262DA9B100154CA5 /* Sources */,
				984D6610262DA9B100154CA5 /* Frameworks */,
				984D6611262DA9B100154CA5 /* CopyFiles */,
			);
			buildRules = (
			);
			dependencies = (
			);
			name = AVLTree;
			productName = AVLTree;
			productReference = 984D6613262DA9B100154CA5 /* AVLTree */;
			productType = "com.apple.product-type.tool";
		};
/* End PBXNativeTarget section */

/* Begin PBXProject section */
		984D660B262DA9B100154CA5 /* Project object */ = {
			isa = PBXProject;
			attributes = {
				LastUpgradeCheck = 1240;
				TargetAttributes = {
					984D6612262DA9B100154CA5 = {
						CreatedOnToolsVersion = 12.4;
					};
				};
			};
			buildConfigurationList = 984D660E262DA9B100154CA5 /* Build configuration list for PBXProject "AVLTree" */;
			compatibilityVersion = "Xcode 9.3";
			developmentRegion = en;
			hasScannedForEncodings = 0;
			knownRegions = (
				en,
				Base,
			);
			mainGroup = 984D660A262DA9B100154CA5;
			productRefGroup = 984D6614262DA9B100154CA5 /* Products */;
			projectDirPath = "";
			projectRoot = "";
			targets = (
				984D6612262DA9B100154CA5 /* AVLTree */,
			);
		};
/* End PBXProject section */

/* Begin PBXSourcesBuildPhase section */
		984D660F262DA9B100154CA5 /* Sources */ = {
			isa = PBXSourcesBuildPhase;
			buildActionMask = 2147483647;
			files = (
				984D6622262DC06D00154CA5 /* BinaryTree3.c in Sources */,
				98E037ED26305A6300B2147E /* AVLRebalance.c in Sources */,
				98E037F2263067D500B2147E /* BinarySearchTree3.c in Sources */,
				984D6617262DA9B100154CA5 /*  .c in Sources */,
			);
			runOnlyForDeploymentPostprocessing = 0;
		};
/* End PBXSourcesBuildPhase section */

/* Begin XCBuildConfiguration section */
		984D6618262DA9B100154CA5 /* Debug */ = {
			isa = XCBuildConfiguration;
			buildSettings = {
				ALWAYS_SEARCH_USER_PATHS = NO;
				CLANG_ANALYZER_NONNULL = YES;
				CLANG_ANALYZER_NUMBER_OBJECT_CONVERSION = YES_AGGRESSIVE;
				CLANG_CXX_LANGUAGE_STANDARD = "gnu++14";
				CLANG_CXX_LIBRARY = "libc++";
				CLANG_ENABLE_MODULES = YES;
				CLANG_ENABLE_OBJC_ARC = YES;
				CLANG_ENABLE_OBJC_WEAK = YES;
				CLANG_WARN_BLOCK_CAPTURE_AUTORELEASING = YES;
				CLANG_WARN_BOOL_CONVERSION = YES;
				CLANG_WARN_COMMA = YES;
				CLANG_WARN_CONSTANT_CONVERSION = YES;
				CLANG_WARN_DEPRECATED_OBJC_IMPLEMENTATIONS = YES;
				CLANG_WARN_DIRECT_OBJC_ISA_USAGE = YES_ERROR;
				CLANG_WARN_DOCUMENTATION_COMMENTS = YES;
				CLANG_WARN_EMPTY_BODY = YES;
				CLANG_WARN_ENUM_CONVERSION = YES;
				CLANG_WARN_INFINITE_RECURSION = YES;
				CLANG_WARN_INT_CONVERSION = YES;
				CLANG_WARN_NON_LITERAL_NULL_CONVERSION = YES;
				CLANG_WARN_OBJC_IMPLICIT_RETAIN_SELF = YES;
				CLANG_WARN_OBJC_LITERAL_CONVERSION = YES;
				CLANG_WARN_OBJC_ROOT_CLASS = YES_ERROR;
				CLANG_WARN_QUOTED_INCLUDE_IN_FRAMEWORK_HEADER = YES;
				CLANG_WARN_RANGE_LOOP_ANALYSIS = YES;
				CLANG_WARN_STRICT_PROTOTYPES = YES;
				CLANG_WARN_SUSPICIOUS_MOVE = YES;
				CLANG_WARN_UNGUARDED_AVAILABILITY = YES_AGGRESSIVE;
				CLANG_WARN_UNREACHABLE_CODE = YES;
				CLANG_WARN__DUPLICATE_METHOD_MATCH = YES;
				COPY_PHASE_STRIP = NO;
				DEBUG_INFORMATION_FORMAT = dwarf;
				ENABLE_STRICT_OBJC_MSGSEND = YES;
				ENABLE_TESTABILITY = YES;
				GCC_C_LANGUAGE_STANDARD = gnu11;
				GCC_DYNAMIC_NO_PIC = NO;
				GCC_NO_COMMON_BLOCKS = YES;
				GCC_OPTIMIZATION_LEVEL = 0;
				GCC_PREPROCESSOR_DEFINITIONS = (
					"DEBUG=1",
					"$(inherited)",
				);
				GCC_WARN_64_TO_32_BIT_CONVERSION = YES;
				GCC_WARN_ABOUT_RETURN_TYPE = YES_ERROR;
				GCC_WARN_UNDECLARED_SELECTOR = YES;
				GCC_WARN_UNINITIALIZED_AUTOS = YES_AGGRESSIVE;
				GCC_WARN_UNUSED_FUNCTION = YES;
				GCC_WARN_UNUSED_VARIABLE = YES;
				MACOSX_DEPLOYMENT_TARGET = 11.1;
				MTL_ENABLE_DEBUG_INFO = INCLUDE_SOURCE;
				MTL_FAST_MATH = YES;
				ONLY_ACTIVE_ARCH = YES;
				SDKROOT = macosx;
			};
			name = Debug;
		};
		984D6619262DA9B100154CA5 /* Release */ = {
			isa = XCBuildConfiguration;
			buildSettings = {
				ALWAYS_SEARCH_USER_PATHS = NO;
				CLANG_ANALYZER_NONNULL = YES;
				CLANG_ANALYZER_NUMBER_OBJECT_CONVERSION = YES_AGGRESSIVE;
				CLANG_CXX_LANGUAGE_STANDARD = "gnu++14";
				CLANG_CXX_LIBRARY = "libc++";
				CLANG_ENABLE_MODULES = YES;
				CLANG_ENABLE_OBJC_ARC = YES;
				CLANG_ENABLE_OBJC_WEAK = YES;
				CLANG_WARN_BLOCK_CAPTURE_AUTORELEASING = YES;
				CLANG_WARN_BOOL_CONVERSION = YES;
				CLANG_WARN_COMMA = YES;
				CLANG_WARN_CONSTANT_CONVERSION = YES;
				CLANG_WARN_DEPRECATED_OBJC_IMPLEMENTATIONS = YES;
				CLANG_WARN_DIRECT_OBJC_ISA_USAGE = YES_ERROR;
				CLANG_WARN_DOCUMENTATION_COMMENTS = YES;
				CLANG_WARN_EMPTY_BODY = YES;
				CLANG_WARN_ENUM_CONVERSION = YES;
				CLANG_WARN_INFINITE_RECURSION = YES;
				CLANG_WARN_INT_CONVERSION = YES;
				CLANG_WARN_NON_LITERAL_NULL_CONVERSION = YES;
				CLANG_WARN_OBJC_IMPLICIT_RETAIN_SELF = YES;
				CLANG_WARN_OBJC_LITERAL_CONVERSION = YES;
				CLANG_WARN_OBJC_ROOT_CLASS = YES_ERROR;
				CLANG_WARN_QUOTED_INCLUDE_IN_FRAMEWORK_HEADER = YES;
				CLANG_WARN_RANGE_LOOP_ANALYSIS = YES;
				CLANG_WARN_STRICT_PROTOTYPES = YES;
				CLANG_WARN_SUSPICIOUS_MOVE = YES;
				CLANG_WARN_UNGUARDED_AVAILABILITY = YES_AGGRESSIVE;
				CLANG_WARN_UNREACHABLE_CODE = YES;
				CLANG_WARN__DUPLICATE_METHOD_MATCH = YES;
				COPY_PHASE_STRIP = NO;
				DEBUG_INFORMATION_FORMAT = "dwarf-with-dsym";
				ENABLE_NS_ASSERTIONS = NO;
				ENABLE_STRICT_OBJC_MSGSEND = YES;
				GCC_C_LANGUAGE_STANDARD = gnu11;
				GCC_NO_COMMON_BLOCKS = YES;
				GCC_WARN_64_TO_32_BIT_CONVERSION = YES;
				GCC_WARN_ABOUT_RETURN_TYPE = YES_ERROR;
				GCC_WARN_UNDECLARED_SELECTOR = YES;
				GCC_WARN_UNINITIALIZED_AUTOS = YES_AGGRESSIVE;
				GCC_WARN_UNUSED_FUNCTION = YES;
				GCC_WARN_UNUSED_VARIABLE = YES;
				MACOSX_DEPLOYMENT_TARGET = 11.1;
				MTL_ENABLE_DEBUG_INFO = NO;
				MTL_FAST_MATH = YES;
				SDKROOT = macosx;
			};
			name = Release;
		};
		984D661B262DA9B100154CA5 /* Debug */ = {
			isa = XCBuildConfiguration;
			buildSettings = {
				CODE_SIGN_STYLE = Automatic;
				PRODUCT_NAME = "$(TARGET_NAME)";
			};
			name = Debug;
		};
		984D661C262DA9B100154CA5 /* Release */ = {
			isa = XCBuildConfiguration;
			buildSettings = {
				CODE_SIGN_STYLE = Automatic;
				PRODUCT_NAME = "$(TARGET_NAME)";
			};
			name = Release;
		};
/* End XCBuildConfiguration section */

/* Begin XCConfigurationList section */
		984D660E262DA9B100154CA5 /* Build configuration list for PBXProject "AVLTree" */ = {
			isa = XCConfigurationList;
			buildConfigurations = (
				984D6618262DA9B100154CA5 /* Debug */,
				984D6619262DA9B100154CA5 /* Release */,
			);
			defaultConfigurationIsVisible = 0;
			defaultConfigurationName = Release;
		};
		984D661A262DA9B100154CA5 /* Build configuration list for PBXNativeTarget "AVLTree" */ = {
			isa = XCConfigurationList;
			buildConfigurations = (
				984D661B262DA9B100154CA5 /* Debug */,
				984D661C262DA9B100154CA5 /* Release */,
			);
			defaultConfigurationIsVisible = 0;
			defaultConfigurationName = Release;
		};
/* End XCConfigurationList section */
	};
	rootObject = 984D660B262DA9B100154CA5 /* Project object */;
}
